// !$*UTF8*$!
{
	archiveVersion = 1;
	classes = {
	};
	objectVersion = 46;
	objects = {

/* Begin PBXBuildFile section */
		FD43AD6A1AE319A3004120D1 /* main.m in Sources */ = {isa = PBXBuildFile; fileRef = FD43AD691AE319A3004120D1 /* main.m */; };
		FD43AD6D1AE319A3004120D1 /* AppDelegate.m in Sources */ = {isa = PBXBuildFile; fileRef = FD43AD6C1AE319A3004120D1 /* AppDelegate.m */; };
		FD43AD701AE319A3004120D1 /* ViewController.m in Sources */ = {isa = PBXBuildFile; fileRef = FD43AD6F1AE319A3004120D1 /* ViewController.m */; };
		FD43AD731AE319A3004120D1 /* Main.storyboard in Resources */ = {isa = PBXBuildFile; fileRef = FD43AD711AE319A3004120D1 /* Main.storyboard */; };
		FD43AD751AE319A3004120D1 /* Images.xcassets in Resources */ = {isa = PBXBuildFile; fileRef = FD43AD741AE319A3004120D1 /* Images.xcassets */; };
		FD43AD781AE319A3004120D1 /* LaunchScreen.xib in Resources */ = {isa = PBXBuildFile; fileRef = FD43AD761AE319A3004120D1 /* LaunchScreen.xib */; };
		FD43AD841AE319A3004120D1 /* adTestTests.m in Sources */ = {isa = PBXBuildFile; fileRef = FD43AD831AE319A3004120D1 /* adTestTests.m */; };
		FD43AD8E1AE31A72004120D1 /* iAd.framework in Frameworks */ = {isa = PBXBuildFile; fileRef = FD43AD8D1AE31A72004120D1 /* iAd.framework */; };
/* End PBXBuildFile section */

/* Begin PBXContainerItemProxy section */
		FD43AD7E1AE319A3004120D1 /* PBXContainerItemProxy */ = {
			isa = PBXContainerItemProxy;
			containerPortal = FD43AD5C1AE319A3004120D1 /* Project object */;
			proxyType = 1;
			remoteGlobalIDString = FD43AD631AE319A3004120D1;
			remoteInfo = adTest;
		};
/* End PBXContainerItemProxy section */

/* Begin PBXFileReference section */
		FD43AD641AE319A3004120D1 /* adTest.app */ = {isa = PBXFileReference; explicitFileType = wrapper.application; includeInIndex = 0; path = adTest.app; sourceTree = BUILT_PRODUCTS_DIR; };
		FD43AD681AE319A3004120D1 /* Info.plist */ = {isa = PBXFileReference; lastKnownFileType = text.plist.xml; path = Info.plist; sourceTree = "<group>"; };
		FD43AD691AE319A3004120D1 /* main.m */ = {isa = PBXFileReference; lastKnownFileType = sourcecode.c.objc; path = main.m; sourceTree = "<group>"; };
		FD43AD6B1AE319A3004120D1 /* AppDelegate.h */ = {isa = PBXFileReference; lastKnownFileType = sourcecode.c.h; path = AppDelegate.h; sourceTree = "<group>"; };
		FD43AD6C1AE319A3004120D1 /* AppDelegate.m */ = {isa = PBXFileReference; lastKnownFileType = sourcecode.c.objc; path = AppDelegate.m; sourceTree = "<group>"; };
		FD43AD6E1AE319A3004120D1 /* ViewController.h */ = {isa = PBXFileReference; lastKnownFileType = sourcecode.c.h; path = ViewController.h; sourceTree = "<group>"; };
		FD43AD6F1AE319A3004120D1 /* ViewController.m */ = {isa = PBXFileReference; lastKnownFileType = sourcecode.c.objc; path = ViewController.m; sourceTree = "<group>"; };
		FD43AD721AE319A3004120D1 /* Base */ = {isa = PBXFileReference; lastKnownFileType = file.storyboard; name = Base; path = Base.lproj/Main.storyboard; sourceTree = "<group>"; };
		FD43AD741AE319A3004120D1 /* Images.xcassets */ = {isa = PBXFileReference; lastKnownFileType = folder.assetcatalog; path = Images.xcassets; sourceTree = "<group>"; };
		FD43AD771AE319A3004120D1 /* Base */ = {isa = PBXFileReference; lastKnownFileType = file.xib; name = Base; path = Base.lproj/LaunchScreen.xib; sourceTree = "<group>"; };
		FD43AD7D1AE319A3004120D1 /* adTestTests.xctest */ = {isa = PBXFileReference; explicitFileType = wrapper.cfbundle; includeInIndex = 0; path = adTestTests.xctest; sourceTree = BUILT_PRODUCTS_DIR; };
		FD43AD821AE319A3004120D1 /* Info.plist */ = {isa = PBXFileReference; lastKnownFileType = text.plist.xml; path = Info.plist; sourceTree = "<group>"; };
		FD43AD831AE319A3004120D1 /* adTestTests.m */ = {isa = PBXFileReference; lastKnownFileType = sourcecode.c.objc; path = adTestTests.m; sourceTree = "<group>"; };
		FD43AD8D1AE31A72004120D1 /* iAd.framework */ = {isa = PBXFileReference; lastKnownFileType = wrapper.framework; name = iAd.framework; path = System/Library/Frameworks/iAd.framework; sourceTree = SDKROOT; };
/* End PBXFileReference section */

/* Begin PBXFrameworksBuildPhase section */
		FD43AD611AE319A3004120D1 /* Frameworks */ = {
			isa = PBXFrameworksBuildPhase;
			buildActionMask = 2147483647;
			files = (
				FD43AD8E1AE31A72004120D1 /* iAd.framework in Frameworks */,
			);
			runOnlyForDeploymentPostprocessing = 0;
		};
		FD43AD7A1AE319A3004120D1 /* Frameworks */ = {
			isa = PBXFrameworksBuildPhase;
			buildActionMask = 2147483647;
			files = (
			);
			runOnlyForDeploymentPostprocessing = 0;
		};
/* End PBXFrameworksBuildPhase section */

/* Begin PBXGroup section */
		FD43AD5B1AE319A3004120D1 = {
			isa = PBXGroup;
			children = (
				FD43AD8D1AE31A72004120D1 /* iAd.framework */,
				FD43AD661AE319A3004120D1 /* adTest */,
				FD43AD801AE319A3004120D1 /* adTestTests */,
				FD43AD651AE319A3004120D1 /* Products */,
			);
			sourceTree = "<group>";
		};
		FD43AD651AE319A3004120D1 /* Products */ = {
			isa = PBXGroup;
			children = (
				FD43AD641AE319A3004120D1 /* adTest.app */,
				FD43AD7D1AE319A3004120D1 /* adTestTests.xctest */,
			);
			name = Products;
			sourceTree = "<group>";
		};
		FD43AD661AE319A3004120D1 /* adTest */ = {
			isa = PBXGroup;
			children = (
				FD43AD6B1AE319A3004120D1 /* AppDelegate.h */,
				FD43AD6C1AE319A3004120D1 /* AppDelegate.m */,
				FD43AD6E1AE319A3004120D1 /* ViewController.h */,
				FD43AD6F1AE319A3004120D1 /* ViewController.m */,
				FD43AD711AE319A3004120D1 /* Main.storyboard */,
				FD43AD741AE319A3004120D1 /* Images.xcassets */,
				FD43AD761AE319A3004120D1 /* LaunchScreen.xib */,
				FD43AD671AE319A3004120D1 /* Supporting Files */,
			);
			path = adTest;
			sourceTree = "<group>";
		};
		FD43AD671AE319A3004120D1 /* Supporting Files */ = {
			isa = PBXGroup;
			children = (
				FD43AD681AE319A3004120D1 /* Info.plist */,
				FD43AD691AE319A3004120D1 /* main.m */,
			);
			name = "Supporting Files";
			sourceTree = "<group>";
		};
		FD43AD801AE319A3004120D1 /* adTestTests */ = {
			isa = PBXGroup;
			children = (
				FD43AD831AE319A3004120D1 /* adTestTests.m */,
				FD43AD811AE319A3004120D1 /* Supporting Files */,
			);
			path = adTestTests;
			sourceTree = "<group>";
		};
		FD43AD811AE319A3004120D1 /* Supporting Files */ = {
			isa = PBXGroup;
			children = (
				FD43AD821AE319A3004120D1 /* Info.plist */,
			);
			name = "Supporting Files";
			sourceTree = "<group>";
		};
/* End PBXGroup section */

/* Begin PBXNativeTarget section */
		FD43AD631AE319A3004120D1 /* adTest */ = {
			isa = PBXNativeTarget;
			buildConfigurationList = FD43AD871AE319A3004120D1 /* Build configuration list for PBXNativeTarget "adTest" */;
			buildPhases = (
				FD43AD601AE319A3004120D1 /* Sources */,
				FD43AD611AE319A3004120D1 /* Frameworks */,
				FD43AD621AE319A3004120D1 /* Resources */,
			);
			buildRules = (
			);
			dependencies = (
			);
			name = adTest;
			productName = adTest;
			productReference = FD43AD641AE319A3004120D1 /* adTest.app */;
			productType = "com.apple.product-type.application";
		};
		FD43AD7C1AE319A3004120D1 /* adTestTests */ = {
			isa = PBXNativeTarget;
			buildConfigurationList = FD43AD8A1AE319A3004120D1 /* Build configuration list for PBXNativeTarget "adTestTests" */;
			buildPhases = (
				FD43AD791AE319A3004120D1 /* Sources */,
				FD43AD7A1AE319A3004120D1 /* Frameworks */,
				FD43AD7B1AE319A3004120D1 /* Resources */,
			);
			buildRules = (
			);
			dependencies = (
				FD43AD7F1AE319A3004120D1 /* PBXTargetDependency */,
			);
			name = adTestTests;
			productName = adTestTests;
			productReference = FD43AD7D1AE319A3004120D1 /* adTestTests.xctest */;
			productType = "com.apple.product-type.bundle.unit-test";
		};
/* End PBXNativeTarget section */

/* Begin PBXProject section */
		FD43AD5C1AE319A3004120D1 /* Project object */ = {
			isa = PBXProject;
			attributes = {
				LastUpgradeCheck = 0620;
				ORGANIZATIONNAME = "Pawn Takes Queen";
				TargetAttributes = {
					FD43AD631AE319A3004120D1 = {
						CreatedOnToolsVersion = 6.2;
					};
					FD43AD7C1AE319A3004120D1 = {
						CreatedOnToolsVersion = 6.2;
						TestTargetID = FD43AD631AE319A3004120D1;
					};
				};
			};
			buildConfigurationList = FD43AD5F1AE319A3004120D1 /* Build configuration list for PBXProject "adTest" */;
			compatibilityVersion = "Xcode 3.2";
			developmentRegion = English;
			hasScannedForEncodings = 0;
			knownRegions = (
				en,
				Base,
			);
			mainGroup = FD43AD5B1AE319A3004120D1;
			productRefGroup = FD43AD651AE319A3004120D1 /* Products */;
			projectDirPath = "";
			projectRoot = "";
			targets = (
				FD43AD631AE319A3004120D1 /* adTest */,
				FD43AD7C1AE319A3004120D1 /* adTestTests */,
			);
		};
/* End PBXProject section */

/* Begin PBXResourcesBuildPhase section */
		FD43AD621AE319A3004120D1 /* Resources */ = {
			isa = PBXResourcesBuildPhase;
			buildActionMask = 2147483647;
			files = (
				FD43AD731AE319A3004120D1 /* Main.storyboard in Resources */,
				FD43AD781AE319A3004120D1 /* LaunchScreen.xib in Resources */,
				FD43AD751AE319A3004120D1 /* Images.xcassets in Resources */,
			);
			runOnlyForDeploymentPostprocessing = 0;
		};
		FD43AD7B1AE319A3004120D1 /* Resources */ = {
			isa = PBXResourcesBuildPhase;
			buildActionMask = 2147483647;
			files = (
			);
			runOnlyForDeploymentPostprocessing = 0;
		};
/* End PBXResourcesBuildPhase section */

/* Begin PBXSourcesBuildPhase section */
		FD43AD601AE319A3004120D1 /* Sources */ = {
			isa = PBXSourcesBuildPhase;
			buildActionMask = 2147483647;
			files = (
				FD43AD701AE319A3004120D1 /* ViewController.m in Sources */,
				FD43AD6D1AE319A3004120D1 /* AppDelegate.m in Sources */,
				FD43AD6A1AE319A3004120D1 /* main.m in Sources */,
			);
			runOnlyForDeploymentPostprocessing = 0;
		};
		FD43AD791AE319A3004120D1 /* Sources */ = {
			isa = PBXSourcesBuildPhase;
			buildActionMask = 2147483647;
			files = (
				FD43AD841AE319A3004120D1 /* adTestTests.m in Sources */,
			);
			runOnlyForDeploymentPostprocessing = 0;
		};
/* End PBXSourcesBuildPhase section */

/* Begin PBXTargetDependency section */
		FD43AD7F1AE319A3004120D1 /* PBXTargetDependency */ = {
			isa = PBXTargetDependency;
			target = FD43AD631AE319A3004120D1 /* adTest */;
			targetProxy = FD43AD7E1AE319A3004120D1 /* PBXContainerItemProxy */;
		};
/* End PBXTargetDependency section */

/* Begin PBXVariantGroup section */
		FD43AD711AE319A3004120D1 /* Main.storyboard */ = {
			isa = PBXVariantGroup;
			children = (
				FD43AD721AE319A3004120D1 /* Base */,
			);
			name = Main.storyboard;
			sourceTree = "<group>";
		};
		FD43AD761AE319A3004120D1 /* LaunchScreen.xib */ = {
			isa = PBXVariantGroup;
			children = (
				FD43AD771AE319A3004120D1 /* Base */,
			);
			name = LaunchScreen.xib;
			sourceTree = "<group>";
		};
/* End PBXVariantGroup section */

/* Begin XCBuildConfiguration section */
		FD43AD851AE319A3004120D1 /* Debug */ = {
			isa = XCBuildConfiguration;
			buildSettings = {
				ALWAYS_SEARCH_USER_PATHS = NO;
				CLANG_CXX_LANGUAGE_STANDARD = "gnu++0x";
				CLANG_CXX_LIBRARY = "libc++";
				CLANG_ENABLE_MODULES = YES;
				CLANG_ENABLE_OBJC_ARC = YES;
				CLANG_WARN_BOOL_CONVERSION = YES;
				CLANG_WARN_CONSTANT_CONVERSION = YES;
				CLANG_WARN_DIRECT_OBJC_ISA_USAGE = YES_ERROR;
				CLANG_WARN_EMPTY_BODY = YES;
				CLANG_WARN_ENUM_CONVERSION = YES;
				CLANG_WARN_INT_CONVERSION = YES;
				CLANG_WARN_OBJC_ROOT_CLASS = YES_ERROR;
				CLANG_WARN_UNREACHABLE_CODE = YES;
				CLANG_WARN__DUPLICATE_METHOD_MATCH = YES;
				"CODE_SIGN_IDENTITY[sdk=iphoneos*]" = "iPhone Developer";
				COPY_PHASE_STRIP = NO;
				ENABLE_STRICT_OBJC_MSGSEND = YES;
				GCC_C_LANGUAGE_STANDARD = gnu99;
				GCC_DYNAMIC_NO_PIC = NO;
				GCC_OPTIMIZATION_LEVEL = 0;
				GCC_PREPROCESSOR_DEFINITIONS = (
					"DEBUG=1",
					"$(inherited)",
				);
				GCC_SYMBOLS_PRIVATE_EXTERN = NO;
				GCC_WARN_64_TO_32_BIT_CONVERSION = YES;
				GCC_WARN_ABOUT_RETURN_TYPE = YES_ERROR;
				GCC_WARN_UNDECLARED_SELECTOR = YES;
				GCC_WARN_UNINITIALIZED_AUTOS = YES_AGGRESSIVE;
				GCC_WARN_UNUSED_FUNCTION = YES;
				GCC_WARN_UNUSED_VARIABLE = YES;
				IPHONEOS_DEPLOYMENT_TARGET = 8.2;
				MTL_ENABLE_DEBUG_INFO = YES;
				ONLY_ACTIVE_ARCH = YES;
				SDKROOT = iphoneos;
				TARGETED_DEVICE_FAMILY = "1,2";
			};
			name = Debug;
		};
		FD43AD861AE319A3004120D1 /* Release */ = {
			isa = XCBuildConfiguration;
			buildSettings = {
				ALWAYS_SEARCH_USER_PATHS = NO;
				CLANG_CXX_LANGUAGE_STANDARD = "gnu++0x";
				CLANG_CXX_LIBRARY = "libc++";
				CLANG_ENABLE_MODULES = YES;
				CLANG_ENABLE_OBJC_ARC = YES;
				CLANG_WARN_BOOL_CONVERSION = YES;
				CLANG_WARN_CONSTANT_CONVERSION = YES;
				CLANG_WARN_DIRECT_OBJC_ISA_USAGE = YES_ERROR;
				CLANG_WARN_EMPTY_BODY = YES;
				CLANG_WARN_ENUM_CONVERSION = YES;
				CLANG_WARN_INT_CONVERSION = YES;
				CLANG_WARN_OBJC_ROOT_CLASS = YES_ERROR;
				CLANG_WARN_UNREACHABLE_CODE = YES;
				CLANG_WARN__DUPLICATE_METHOD_MATCH = YES;
				"CODE_SIGN_IDENTITY[sdk=iphoneos*]" = "iPhone Developer";
				COPY_PHASE_STRIP = NO;
				ENABLE_NS_ASSERTIONS = NO;
				ENABLE_STRICT_OBJC_MSGSEND = YES;
				GCC_C_LANGUAGE_STANDARD = gnu99;
				GCC_WARN_64_TO_32_BIT_CONVERSION = YES;
				GCC_WARN_ABOUT_RETURN_TYPE = YES_ERROR;
				GCC_WARN_UNDECLARED_SELECTOR = YES;
				GCC_WARN_UNINITIALIZED_AUTOS = YES_AGGRESSIVE;
				GCC_WARN_UNUSED_FUNCTION = YES;
				GCC_WARN_UNUSED_VARIABLE = YES;
				IPHONEOS_DEPLOYMENT_TARGET = 8.2;
				MTL_ENABLE_DEBUG_INFO = NO;
				SDKROOT = iphoneos;
				TARGETED_DEVICE_FAMILY = "1,2";
				VALIDATE_PRODUCT = YES;
			};
			name = Release;
		};
		FD43AD881AE319A3004120D1 /* Debug */ = {
			isa = XCBuildConfiguration;
			buildSettings = {
				ASSETCATALOG_COMPILER_APPICON_NAME = AppIcon;
				INFOPLIST_FILE = adTest/Info.plist;
				LD_RUNPATH_SEARCH_PATHS = "$(inherited) @executable_path/Frameworks";
				PRODUCT_NAME = "$(TARGET_NAME)";
			};
			name = Debug;
		};
		FD43AD891AE319A3004120D1 /* Release */ = {
			isa = XCBuildConfiguration;
			buildSettings = {
				ASSETCATALOG_COMPILER_APPICON_NAME = AppIcon;
				INFOPLIST_FILE = adTest/Info.plist;
				LD_RUNPATH_SEARCH_PATHS = "$(inherited) @executable_path/Frameworks";
				PRODUCT_NAME = "$(TARGET_NAME)";
			};
			name = Release;
		};
		FD43AD8B1AE319A3004120D1 /* Debug */ = {
			isa = XCBuildConfiguration;
			buildSettings = {
				BUNDLE_LOADER = "$(TEST_HOST)";
				FRAMEWORK_SEARCH_PATHS = (
					"$(SDKROOT)/Developer/Library/Frameworks",
					"$(inherited)",
				);
				GCC_PREPROCESSOR_DEFINITIONS = (
					"DEBUG=1",
					"$(inherited)",
				);
				INFOPLIST_FILE = adTestTests/Info.plist;
				LD_RUNPATH_SEARCH_PATHS = "$(inherited) @executable_path/Frameworks @loader_path/Frameworks";
				PRODUCT_NAME = "$(TARGET_NAME)";
				TEST_HOST = "$(BUILT_PRODUCTS_DIR)/adTest.app/adTest";
			};
			name = Debug;
		};
		FD43AD8C1AE319A3004120D1 /* Release */ = {
			isa = XCBuildConfiguration;
			buildSettings = {
				BUNDLE_LOADER = "$(TEST_HOST)";
				FRAMEWORK_SEARCH_PATHS = (
					"$(SDKROOT)/Developer/Library/Frameworks",
					"$(inherited)",
				);
				INFOPLIST_FILE = adTestTests/Info.plist;
				LD_RUNPATH_SEARCH_PATHS = "$(inherited) @executable_path/Frameworks @loader_path/Frameworks";
				PRODUCT_NAME = "$(TARGET_NAME)";
				TEST_HOST = "$(BUILT_PRODUCTS_DIR)/adTest.app/adTest";
			};
			name = Release;
		};
/* End XCBuildConfiguration section */

/* Begin XCConfigurationList section */
		FD43AD5F1AE319A3004120D1 /* Build configuration list for PBXProject "adTest" */ = {
			isa = XCConfigurationList;
			buildConfigurations = (
				FD43AD851AE319A3004120D1 /* Debug */,
				FD43AD861AE319A3004120D1 /* Release */,
			);
			defaultConfigurationIsVisible = 0;
			defaultConfigurationName = Release;
		};
		FD43AD871AE319A3004120D1 /* Build configuration list for PBXNativeTarget "adTest" */ = {
			isa = XCConfigurationList;
			buildConfigurations = (
				FD43AD881AE319A3004120D1 /* Debug */,
				FD43AD891AE319A3004120D1 /* Release */,
			);
			defaultConfigurationIsVisible = 0;
		};
		FD43AD8A1AE319A3004120D1 /* Build configuration list for PBXNativeTarget "adTestTests" */ = {
			isa = XCConfigurationList;
			buildConfigurations = (
				FD43AD8B1AE319A3004120D1 /* Debug */,
				FD43AD8C1AE319A3004120D1 /* Release */,
			);
			defaultConfigurationIsVisible = 0;
		};
/* End XCConfigurationList section */
	};
	rootObject = FD43AD5C1AE319A3004120D1 /* Project object */;
}
